
Microsoft Visual Studio Solution File, Format Version 12.00
# Visual Studio Version 17
VisualStudioVersion = 17.0.32014.148
MinimumVisualStudioVersion = 10.0.40219.1
Project("{8BC9CEB8-8B4A-11D0-8D11-00A0C91BC942}") = "CERandomiser", "CERandomiser.vcxproj", "{46E21734-5FBB-4F50-8A69-36705EF8944A}"
EndProject
Project("{8BC9CEB8-8B4A-11D0-8D11-00A0C91BC942}") = "Injector", "..\Injector\Injector.vcxproj", "{DA6E359C-768A-48DC-9A5D-A97498251040}"
	ProjectSection(ProjectDependencies) = postProject
		{46E21734-5FBB-4F50-8A69-36705EF8944A} = {46E21734-5FBB-4F50-8A69-36705EF8944A}
	EndProjectSection
EndProject
Project("{2150E333-8FDC-42A3-9474-1A3956D46DE8}") = "Solution Items", "Solution Items", "{78B94D44-9D1D-424B-A31F-4C79A02ED336}"
EndProject
Global
	GlobalSection(SolutionConfigurationPlatforms) = preSolution
		Debug|x64 = Debug|x64
		Debug|x86 = Debug|x86
		Release|x64 = Release|x64
		Release|x86 = Release|x86
	EndGlobalSection
	GlobalSection(ProjectConfigurationPlatforms) = postSolution
		{46E21734-5FBB-4F50-8A69-36705EF8944A}.Debug|x64.ActiveCfg = Debug|x64
		{46E21734-5FBB-4F50-8A69-36705EF8944A}.Debug|x64.Build.0 = Debug|x64
		{46E21734-5FBB-4F50-8A69-36705EF8944A}.Debug|x86.ActiveCfg = Debug|Win32
		{46E21734-5FBB-4F50-8A69-36705EF8944A}.Debug|x86.Build.0 = Debug|Win32
		{46E21734-5FBB-4F50-8A69-36705EF8944A}.Release|x64.ActiveCfg = Release|x64
		{46E21734-5FBB-4F50-8A69-36705EF8944A}.Release|x64.Build.0 = Release|x64
		{46E21734-5FBB-4F50-8A69-36705EF8944A}.Release|x86.ActiveCfg = Release|Win32
		{46E21734-5FBB-4F50-8A69-36705EF8944A}.Release|x86.Build.0 = Release|Win32
		{DA6E359C-768A-48DC-9A5D-A97498251040}.Debug|x64.ActiveCfg = Debug|x64
		{DA6E359C-768A-48DC-9A5D-A97498251040}.Debug|x64.Build.0 = Debug|x64
		{DA6E359C-768A-48DC-9A5D-A97498251040}.Debug|x86.ActiveCfg = Debug|Win32
		{DA6E359C-768A-48DC-9A5D-A97498251040}.Debug|x86.Build.0 = Debug|Win32
		{DA6E359C-768A-48DC-9A5D-A97498251040}.Release|x64.ActiveCfg = Release|x64
		{DA6E359C-768A-48DC-9A5D-A97498251040}.Release|x64.Build.0 = Release|x64
		{DA6E359C-768A-48DC-9A5D-A97498251040}.Release|x86.ActiveCfg = Release|Win32
		{DA6E359C-768A-48DC-9A5D-A97498251040}.Release|x86.Build.0 = Release|Win32
	EndGlobalSection
	GlobalSection(SolutionProperties) = preSolution
		HideSolutionNode = FALSE
	EndGlobalSection
	GlobalSection(ExtensibilityGlobals) = postSolution
		SolutionGuid = {F38E49DE-2FE3-4882-BF09-43173DCD9284}
	EndGlobalSection
EndGlobal
