<?xml version="1.0" encoding="utf-8"?>
<Project ToolsVersion="4.0" xmlns="http://schemas.microsoft.com/developer/msbuild/2003">
  <ItemGroup>
    <Filter Include="Source Files">
      <UniqueIdentifier>{4FC737F1-C7A5-4376-A066-2A32D752A2FF}</UniqueIdentifier>
      <Extensions>cpp;c;cc;cxx;c++;cppm;ixx;def;odl;idl;hpj;bat;asm;asmx</Extensions>
    </Filter>
    <Filter Include="Resource Files">
      <UniqueIdentifier>{67DA6AB6-F800-4c08-8B7A-83BB121AAD01}</UniqueIdentifier>
      <Extensions>rc;ico;cur;bmp;dlg;rc2;rct;bin;rgs;gif;jpg;jpeg;jpe;resx;tiff;tif;png;wav;mfcribbon-ms</Extensions>
    </Filter>
    <Filter Include="Source Files\safetyhook">
      <UniqueIdentifier>{28d01c8b-228d-469b-8e49-2603aa8c101d}</UniqueIdentifier>
    </Filter>
    <Filter Include="Source Files\imgui">
      <UniqueIdentifier>{8d50ac2a-fcb1-4dc7-b3fc-bd8d4a09c12b}</UniqueIdentifier>
    </Filter>
    <Filter Include="Services">
      <UniqueIdentifier>{140bc533-6f2c-4451-9138-701beae435a4}</UniqueIdentifier>
    </Filter>
    <Filter Include="Global">
      <UniqueIdentifier>{43cfbde5-1ac8-47f1-904f-288926581f9d}</UniqueIdentifier>
    </Filter>
    <Filter Include="Classes">
      <UniqueIdentifier>{6caf362c-4b29-429b-8f00-ef61c9e0c99c}</UniqueIdentifier>
    </Filter>
    <Filter Include="Header Files">
      <UniqueIdentifier>{93995380-89BD-4b04-88EB-625FBE52EBFB}</UniqueIdentifier>
      <Extensions>h;hh;hpp;hxx;h++;hm;inl;inc;ipp;xsd</Extensions>
    </Filter>
    <Filter Include="Source Files\pugixml">
      <UniqueIdentifier>{f38b1629-57dc-45e1-bee7-b812ac91fd53}</UniqueIdentifier>
    </Filter>
  </ItemGroup>
  <ItemGroup>
    <ClInclude Include="includes\imgui\imconfig.h">
      <Filter>Source Files\imgui</Filter>
    </ClInclude>
    <ClInclude Include="includes\imgui\imgui.h">
      <Filter>Source Files\imgui</Filter>
    </ClInclude>
    <ClInclude Include="includes\imgui\imgui_impl_dx11.h">
      <Filter>Source Files\imgui</Filter>
    </ClInclude>
    <ClInclude Include="includes\imgui\imgui_impl_win32.h">
      <Filter>Source Files\imgui</Filter>
    </ClInclude>
    <ClInclude Include="includes\imgui\imgui_internal.h">
      <Filter>Source Files\imgui</Filter>
    </ClInclude>
    <ClInclude Include="includes\imgui\imstb_rectpack.h">
      <Filter>Source Files\imgui</Filter>
    </ClInclude>
    <ClInclude Include="includes\imgui\imstb_textedit.h">
      <Filter>Source Files\imgui</Filter>
    </ClInclude>
    <ClInclude Include="includes\imgui\imstb_truetype.h">
      <Filter>Source Files\imgui</Filter>
    </ClInclude>
    <ClInclude Include="includes\safetyhook\safetyhook.hpp">
      <Filter>Source Files\safetyhook</Filter>
    </ClInclude>
    <ClInclude Include="includes\safetyhook\Zydis.h">
      <Filter>Source Files\safetyhook</Filter>
    </ClInclude>
    <ClInclude Include="D3D11Hook.h">
      <Filter>Services</Filter>
    </ClInclude>
    <ClInclude Include="ModuleHookManager.h">
      <Filter>Services</Filter>
    </ClInclude>
    <ClInclude Include="ModuleCache.h">
      <Filter>Services</Filter>
    </ClInclude>
    <ClInclude Include="ImGuiManager.h">
      <Filter>Services</Filter>
    </ClInclude>
    <ClInclude Include="OptionsGUI.h">
      <Filter>Services</Filter>
    </ClInclude>
    <ClInclude Include="OptionsState.h">
      <Filter>Services</Filter>
    </ClInclude>
    <ClInclude Include="pch.h">
      <Filter>Global</Filter>
    </ClInclude>
    <ClInclude Include="resource.h">
      <Filter>Global</Filter>
    </ClInclude>
    <ClInclude Include="windows_utilities.h">
      <Filter>Global</Filter>
    </ClInclude>
    <ClInclude Include="GlobalKill.h">
      <Filter>Services</Filter>
    </ClInclude>
    <ClInclude Include="MirrorMode.h">
      <Filter>Services</Filter>
    </ClInclude>
    <ClInclude Include="expected_exception.h">
      <Filter>Global</Filter>
    </ClInclude>
    <ClInclude Include="ModuleHook.h">
      <Filter>Classes</Filter>
    </ClInclude>
    <ClInclude Include="multilevel_pointer.h">
      <Filter>Classes</Filter>
    </ClInclude>
    <ClInclude Include="midhook_context_interpreter.h">
      <Filter>Classes</Filter>
    </ClInclude>
    <ClInclude Include="Option.h">
      <Filter>Classes</Filter>
    </ClInclude>
    <ClInclude Include="LevelLoadHook.h">
      <Filter>Services</Filter>
    </ClInclude>
    <ClInclude Include="EnemyRandomiser.h">
      <Filter>Services</Filter>
    </ClInclude>
    <ClInclude Include="HaloEnums.h">
      <Filter>Global</Filter>
    </ClInclude>
    <ClInclude Include="PointerManager.h">
      <Filter>Services</Filter>
    </ClInclude>
    <ClInclude Include="includes\pugixml\src\pugiconfig.hpp">
      <Filter>Source Files\pugixml</Filter>
    </ClInclude>
    <ClInclude Include="includes\pugixml\src\pugixml.hpp">
      <Filter>Source Files\pugixml</Filter>
    </ClInclude>
    <ClInclude Include="ExportedFunctions.h">
      <Filter>Global</Filter>
    </ClInclude>
    <ClInclude Include="InitParameter.h">
      <Filter>Global</Filter>
    </ClInclude>
  </ItemGroup>
  <ItemGroup>
    <ClCompile Include="includes\imgui\imgui.cpp">
      <Filter>Source Files\imgui</Filter>
    </ClCompile>
    <ClCompile Include="includes\imgui\imgui_demo.cpp">
      <Filter>Source Files\imgui</Filter>
    </ClCompile>
    <ClCompile Include="includes\imgui\imgui_draw.cpp">
      <Filter>Source Files\imgui</Filter>
    </ClCompile>
    <ClCompile Include="includes\imgui\imgui_impl_dx11.cpp">
      <Filter>Source Files\imgui</Filter>
    </ClCompile>
    <ClCompile Include="includes\imgui\imgui_impl_win32.cpp">
      <Filter>Source Files\imgui</Filter>
    </ClCompile>
    <ClCompile Include="includes\imgui\imgui_widgets.cpp">
      <Filter>Source Files\imgui</Filter>
    </ClCompile>
    <ClCompile Include="includes\safetyhook\safetyhook.cpp">
      <Filter>Source Files\safetyhook</Filter>
    </ClCompile>
    <ClCompile Include="includes\safetyhook\Zydis.c">
      <Filter>Source Files\safetyhook</Filter>
    </ClCompile>
    <ClCompile Include="D3D11Hook.cpp">
      <Filter>Services</Filter>
    </ClCompile>
    <ClCompile Include="ModuleHookManager.cpp">
      <Filter>Services</Filter>
    </ClCompile>
    <ClCompile Include="ModuleCache.cpp">
      <Filter>Services</Filter>
    </ClCompile>
    <ClCompile Include="ImGuiManager.cpp">
      <Filter>Services</Filter>
    </ClCompile>
    <ClCompile Include="OptionsGUI.cpp">
      <Filter>Services</Filter>
    </ClCompile>
    <ClCompile Include="OptionsState.cpp">
      <Filter>Services</Filter>
    </ClCompile>
    <ClCompile Include="dllmain.cpp">
      <Filter>Global</Filter>
    </ClCompile>
    <ClCompile Include="MirrorMode.cpp">
      <Filter>Services</Filter>
    </ClCompile>
    <ClCompile Include="windows_utilities.cpp">
      <Filter>Global</Filter>
    </ClCompile>
    <ClCompile Include="multilevel_pointer.cpp">
      <Filter>Classes</Filter>
    </ClCompile>
    <ClCompile Include="ModuleHook.cpp">
      <Filter>Classes</Filter>
    </ClCompile>
    <ClCompile Include="Option.cpp">
      <Filter>Classes</Filter>
    </ClCompile>
    <ClCompile Include="LevelLoadHook.cpp">
      <Filter>Services</Filter>
    </ClCompile>
    <ClCompile Include="EnemyRandomiser.cpp">
      <Filter>Services</Filter>
    </ClCompile>
    <ClCompile Include="PointerManager.cpp">
      <Filter>Services</Filter>
    </ClCompile>
    <ClCompile Include="includes\pugixml\src\pugixml.cpp">
      <Filter>Source Files\pugixml</Filter>
    </ClCompile>
    <ClCompile Include="ExportedFunctions.cpp">
      <Filter>Global</Filter>
    </ClCompile>
    <ClCompile Include="InitParameter.cpp">
      <Filter>Global</Filter>
    </ClCompile>
  </ItemGroup>
  <ItemGroup>
    <ResourceCompile Include="CERandomiser.rc">
      <Filter>Resource Files</Filter>
    </ResourceCompile>
  </ItemGroup>
  <ItemGroup>
    <Image Include="CEER.ico">
      <Filter>Resource Files</Filter>
    </Image>
  </ItemGroup>
  <ItemGroup>
    <Xml Include="CEERPointerData.xml">
      <Filter>Resource Files</Filter>
    </Xml>
  </ItemGroup>
</Project>